
Microsoft Visual Studio Solution File, Format Version 12.00
# Visual Studio 2012
Project("{FAE04EC0-301F-11D3-BF4B-00C04F79EFBC}") = "CAOESTOQUE.DAO", "CAOESTOQUE.DAO\CAOESTOQUE.DAO.csproj", "{59F46317-92EF-4A3B-9ED7-31972B8967AB}"
EndProject
Project("{FAE04EC0-301F-11D3-BF4B-00C04F79EFBC}") = "CAOESTOQUE.ENTITY", "CAOESTOQUE.ENTITY\CAOESTOQUE.ENTITY.csproj", "{D65E4E75-CB0E-4B85-AA5C-43CE60AFA250}"
EndProject
Project("{FAE04EC0-301F-11D3-BF4B-00C04F79EFBC}") = "CAOESTOQUE.REPOSITORIO", "CAOESTOQUE.REPOSITORIO\CAOESTOQUE.REPOSITORIO.csproj", "{49BDF79F-A9AD-4CA1-BF53-2CF653AD0F6D}"
EndProject
Project("{FAE04EC0-301F-11D3-BF4B-00C04F79EFBC}") = "CAOESTOQUE.NEGOCIOS", "CAOESTOQUE.NEGOCIOS\CAOESTOQUE.NEGOCIOS.csproj", "{7D563FB1-BC9D-40D6-9ACA-A473176FF864}"
EndProject
Project("{FAE04EC0-301F-11D3-BF4B-00C04F79EFBC}") = "CAOESTOQUE.WINDOWS", "CAOESTOQUE.WINDOWS\CAOESTOQUE.WINDOWS.csproj", "{D84A1CEE-86A8-46B8-8FD5-7A02E2571D61}"
EndProject
Global
	GlobalSection(SolutionConfigurationPlatforms) = preSolution
		CD_ROM|Any CPU = CD_ROM|Any CPU
		CD_ROM|Mixed Platforms = CD_ROM|Mixed Platforms
		CD_ROM|x86 = CD_ROM|x86
		Debug|Any CPU = Debug|Any CPU
		Debug|Mixed Platforms = Debug|Mixed Platforms
		Debug|x86 = Debug|x86
		DVD-5|Any CPU = DVD-5|Any CPU
		DVD-5|Mixed Platforms = DVD-5|Mixed Platforms
		DVD-5|x86 = DVD-5|x86
		Release|Any CPU = Release|Any CPU
		Release|Mixed Platforms = Release|Mixed Platforms
		Release|x86 = Release|x86
		SingleImage|Any CPU = SingleImage|Any CPU
		SingleImage|Mixed Platforms = SingleImage|Mixed Platforms
		SingleImage|x86 = SingleImage|x86
	EndGlobalSection
	GlobalSection(ProjectConfigurationPlatforms) = postSolution
		{59F46317-92EF-4A3B-9ED7-31972B8967AB}.CD_ROM|Any CPU.ActiveCfg = Release|Any CPU
		{59F46317-92EF-4A3B-9ED7-31972B8967AB}.CD_ROM|Any CPU.Build.0 = Release|Any CPU
		{59F46317-92EF-4A3B-9ED7-31972B8967AB}.CD_ROM|Mixed Platforms.ActiveCfg = Release|Any CPU
		{59F46317-92EF-4A3B-9ED7-31972B8967AB}.CD_ROM|Mixed Platforms.Build.0 = Release|Any CPU
		{59F46317-92EF-4A3B-9ED7-31972B8967AB}.CD_ROM|x86.ActiveCfg = Release|Any CPU
		{59F46317-92EF-4A3B-9ED7-31972B8967AB}.Debug|Any CPU.ActiveCfg = Debug|Any CPU
		{59F46317-92EF-4A3B-9ED7-31972B8967AB}.Debug|Any CPU.Build.0 = Debug|Any CPU
		{59F46317-92EF-4A3B-9ED7-31972B8967AB}.Debug|Mixed Platforms.ActiveCfg = Debug|Any CPU
		{59F46317-92EF-4A3B-9ED7-31972B8967AB}.Debug|Mixed Platforms.Build.0 = Debug|Any CPU
		{59F46317-92EF-4A3B-9ED7-31972B8967AB}.Debug|x86.ActiveCfg = Debug|Any CPU
		{59F46317-92EF-4A3B-9ED7-31972B8967AB}.DVD-5|Any CPU.ActiveCfg = Debug|Any CPU
		{59F46317-92EF-4A3B-9ED7-31972B8967AB}.DVD-5|Any CPU.Build.0 = Debug|Any CPU
		{59F46317-92EF-4A3B-9ED7-31972B8967AB}.DVD-5|Mixed Platforms.ActiveCfg = Debug|Any CPU
		{59F46317-92EF-4A3B-9ED7-31972B8967AB}.DVD-5|Mixed Platforms.Build.0 = Debug|Any CPU
		{59F46317-92EF-4A3B-9ED7-31972B8967AB}.DVD-5|x86.ActiveCfg = Debug|Any CPU
		{59F46317-92EF-4A3B-9ED7-31972B8967AB}.Release|Any CPU.ActiveCfg = Release|Any CPU
		{59F46317-92EF-4A3B-9ED7-31972B8967AB}.Release|Any CPU.Build.0 = Release|Any CPU
		{59F46317-92EF-4A3B-9ED7-31972B8967AB}.Release|Mixed Platforms.ActiveCfg = Release|Any CPU
		{59F46317-92EF-4A3B-9ED7-31972B8967AB}.Release|Mixed Platforms.Build.0 = Release|Any CPU
		{59F46317-92EF-4A3B-9ED7-31972B8967AB}.Release|x86.ActiveCfg = Release|Any CPU
		{59F46317-92EF-4A3B-9ED7-31972B8967AB}.SingleImage|Any CPU.ActiveCfg = Release|Any CPU
		{59F46317-92EF-4A3B-9ED7-31972B8967AB}.SingleImage|Any CPU.Build.0 = Release|Any CPU
		{59F46317-92EF-4A3B-9ED7-31972B8967AB}.SingleImage|Mixed Platforms.ActiveCfg = Release|Any CPU
		{59F46317-92EF-4A3B-9ED7-31972B8967AB}.SingleImage|Mixed Platforms.Build.0 = Release|Any CPU
		{59F46317-92EF-4A3B-9ED7-31972B8967AB}.SingleImage|x86.ActiveCfg = Release|Any CPU
		{D65E4E75-CB0E-4B85-AA5C-43CE60AFA250}.CD_ROM|Any CPU.ActiveCfg = Release|Any CPU
		{D65E4E75-CB0E-4B85-AA5C-43CE60AFA250}.CD_ROM|Any CPU.Build.0 = Release|Any CPU
		{D65E4E75-CB0E-4B85-AA5C-43CE60AFA250}.CD_ROM|Mixed Platforms.ActiveCfg = Release|Any CPU
		{D65E4E75-CB0E-4B85-AA5C-43CE60AFA250}.CD_ROM|Mixed Platforms.Build.0 = Release|Any CPU
		{D65E4E75-CB0E-4B85-AA5C-43CE60AFA250}.CD_ROM|x86.ActiveCfg = Release|Any CPU
		{D65E4E75-CB0E-4B85-AA5C-43CE60AFA250}.Debug|Any CPU.ActiveCfg = Debug|Any CPU
		{D65E4E75-CB0E-4B85-AA5C-43CE60AFA250}.Debug|Any CPU.Build.0 = Debug|Any CPU
		{D65E4E75-CB0E-4B85-AA5C-43CE60AFA250}.Debug|Mixed Platforms.ActiveCfg = Debug|Any CPU
		{D65E4E75-CB0E-4B85-AA5C-43CE60AFA250}.Debug|Mixed Platforms.Build.0 = Debug|Any CPU
		{D65E4E75-CB0E-4B85-AA5C-43CE60AFA250}.Debug|x86.ActiveCfg = Debug|Any CPU
		{D65E4E75-CB0E-4B85-AA5C-43CE60AFA250}.DVD-5|Any CPU.ActiveCfg = Debug|Any CPU
		{D65E4E75-CB0E-4B85-AA5C-43CE60AFA250}.DVD-5|Any CPU.Build.0 = Debug|Any CPU
		{D65E4E75-CB0E-4B85-AA5C-43CE60AFA250}.DVD-5|Mixed Platforms.ActiveCfg = Debug|Any CPU
		{D65E4E75-CB0E-4B85-AA5C-43CE60AFA250}.DVD-5|Mixed Platforms.Build.0 = Debug|Any CPU
		{D65E4E75-CB0E-4B85-AA5C-43CE60AFA250}.DVD-5|x86.ActiveCfg = Debug|Any CPU
		{D65E4E75-CB0E-4B85-AA5C-43CE60AFA250}.Release|Any CPU.ActiveCfg = Release|Any CPU
		{D65E4E75-CB0E-4B85-AA5C-43CE60AFA250}.Release|Any CPU.Build.0 = Release|Any CPU
		{D65E4E75-CB0E-4B85-AA5C-43CE60AFA250}.Release|Mixed Platforms.ActiveCfg = Release|Any CPU
		{D65E4E75-CB0E-4B85-AA5C-43CE60AFA250}.Release|Mixed Platforms.Build.0 = Release|Any CPU
		{D65E4E75-CB0E-4B85-AA5C-43CE60AFA250}.Release|x86.ActiveCfg = Release|Any CPU
		{D65E4E75-CB0E-4B85-AA5C-43CE60AFA250}.SingleImage|Any CPU.ActiveCfg = Release|Any CPU
		{D65E4E75-CB0E-4B85-AA5C-43CE60AFA250}.SingleImage|Any CPU.Build.0 = Release|Any CPU
		{D65E4E75-CB0E-4B85-AA5C-43CE60AFA250}.SingleImage|Mixed Platforms.ActiveCfg = Release|Any CPU
		{D65E4E75-CB0E-4B85-AA5C-43CE60AFA250}.SingleImage|Mixed Platforms.Build.0 = Release|Any CPU
		{D65E4E75-CB0E-4B85-AA5C-43CE60AFA250}.SingleImage|x86.ActiveCfg = Release|Any CPU
		{49BDF79F-A9AD-4CA1-BF53-2CF653AD0F6D}.CD_ROM|Any CPU.ActiveCfg = Release|Any CPU
		{49BDF79F-A9AD-4CA1-BF53-2CF653AD0F6D}.CD_ROM|Any CPU.Build.0 = Release|Any CPU
		{49BDF79F-A9AD-4CA1-BF53-2CF653AD0F6D}.CD_ROM|Mixed Platforms.ActiveCfg = Release|Any CPU
		{49BDF79F-A9AD-4CA1-BF53-2CF653AD0F6D}.CD_ROM|Mixed Platforms.Build.0 = Release|Any CPU
		{49BDF79F-A9AD-4CA1-BF53-2CF653AD0F6D}.CD_ROM|x86.ActiveCfg = Release|Any CPU
		{49BDF79F-A9AD-4CA1-BF53-2CF653AD0F6D}.Debug|Any CPU.ActiveCfg = Debug|Any CPU
		{49BDF79F-A9AD-4CA1-BF53-2CF653AD0F6D}.Debug|Any CPU.Build.0 = Debug|Any CPU
		{49BDF79F-A9AD-4CA1-BF53-2CF653AD0F6D}.Debug|Mixed Platforms.ActiveCfg = Debug|Any CPU
		{49BDF79F-A9AD-4CA1-BF53-2CF653AD0F6D}.Debug|Mixed Platforms.Build.0 = Debug|Any CPU
		{49BDF79F-A9AD-4CA1-BF53-2CF653AD0F6D}.Debug|x86.ActiveCfg = Debug|Any CPU
		{49BDF79F-A9AD-4CA1-BF53-2CF653AD0F6D}.DVD-5|Any CPU.ActiveCfg = Debug|Any CPU
		{49BDF79F-A9AD-4CA1-BF53-2CF653AD0F6D}.DVD-5|Any CPU.Build.0 = Debug|Any CPU
		{49BDF79F-A9AD-4CA1-BF53-2CF653AD0F6D}.DVD-5|Mixed Platforms.ActiveCfg = Debug|Any CPU
		{49BDF79F-A9AD-4CA1-BF53-2CF653AD0F6D}.DVD-5|Mixed Platforms.Build.0 = Debug|Any CPU
		{49BDF79F-A9AD-4CA1-BF53-2CF653AD0F6D}.DVD-5|x86.ActiveCfg = Debug|Any CPU
		{49BDF79F-A9AD-4CA1-BF53-2CF653AD0F6D}.Release|Any CPU.ActiveCfg = Release|Any CPU
		{49BDF79F-A9AD-4CA1-BF53-2CF653AD0F6D}.Release|Any CPU.Build.0 = Release|Any CPU
		{49BDF79F-A9AD-4CA1-BF53-2CF653AD0F6D}.Release|Mixed Platforms.ActiveCfg = Release|Any CPU
		{49BDF79F-A9AD-4CA1-BF53-2CF653AD0F6D}.Release|Mixed Platforms.Build.0 = Release|Any CPU
		{49BDF79F-A9AD-4CA1-BF53-2CF653AD0F6D}.Release|x86.ActiveCfg = Release|Any CPU
		{49BDF79F-A9AD-4CA1-BF53-2CF653AD0F6D}.SingleImage|Any CPU.ActiveCfg = Release|Any CPU
		{49BDF79F-A9AD-4CA1-BF53-2CF653AD0F6D}.SingleImage|Any CPU.Build.0 = Release|Any CPU
		{49BDF79F-A9AD-4CA1-BF53-2CF653AD0F6D}.SingleImage|Mixed Platforms.ActiveCfg = Release|Any CPU
		{49BDF79F-A9AD-4CA1-BF53-2CF653AD0F6D}.SingleImage|Mixed Platforms.Build.0 = Release|Any CPU
		{49BDF79F-A9AD-4CA1-BF53-2CF653AD0F6D}.SingleImage|x86.ActiveCfg = Release|Any CPU
		{7D563FB1-BC9D-40D6-9ACA-A473176FF864}.CD_ROM|Any CPU.ActiveCfg = Release|Any CPU
		{7D563FB1-BC9D-40D6-9ACA-A473176FF864}.CD_ROM|Any CPU.Build.0 = Release|Any CPU
		{7D563FB1-BC9D-40D6-9ACA-A473176FF864}.CD_ROM|Mixed Platforms.ActiveCfg = Release|Any CPU
		{7D563FB1-BC9D-40D6-9ACA-A473176FF864}.CD_ROM|Mixed Platforms.Build.0 = Release|Any CPU
		{7D563FB1-BC9D-40D6-9ACA-A473176FF864}.CD_ROM|x86.ActiveCfg = Release|Any CPU
		{7D563FB1-BC9D-40D6-9ACA-A473176FF864}.Debug|Any CPU.ActiveCfg = Debug|Any CPU
		{7D563FB1-BC9D-40D6-9ACA-A473176FF864}.Debug|Any CPU.Build.0 = Debug|Any CPU
		{7D563FB1-BC9D-40D6-9ACA-A473176FF864}.Debug|Mixed Platforms.ActiveCfg = Debug|Any CPU
		{7D563FB1-BC9D-40D6-9ACA-A473176FF864}.Debug|Mixed Platforms.Build.0 = Debug|Any CPU
		{7D563FB1-BC9D-40D6-9ACA-A473176FF864}.Debug|x86.ActiveCfg = Debug|Any CPU
		{7D563FB1-BC9D-40D6-9ACA-A473176FF864}.DVD-5|Any CPU.ActiveCfg = Debug|Any CPU
		{7D563FB1-BC9D-40D6-9ACA-A473176FF864}.DVD-5|Any CPU.Build.0 = Debug|Any CPU
		{7D563FB1-BC9D-40D6-9ACA-A473176FF864}.DVD-5|Mixed Platforms.ActiveCfg = Debug|Any CPU
		{7D563FB1-BC9D-40D6-9ACA-A473176FF864}.DVD-5|Mixed Platforms.Build.0 = Debug|Any CPU
		{7D563FB1-BC9D-40D6-9ACA-A473176FF864}.DVD-5|x86.ActiveCfg = Debug|Any CPU
		{7D563FB1-BC9D-40D6-9ACA-A473176FF864}.Release|Any CPU.ActiveCfg = Release|Any CPU
		{7D563FB1-BC9D-40D6-9ACA-A473176FF864}.Release|Any CPU.Build.0 = Release|Any CPU
		{7D563FB1-BC9D-40D6-9ACA-A473176FF864}.Release|Mixed Platforms.ActiveCfg = Release|Any CPU
		{7D563FB1-BC9D-40D6-9ACA-A473176FF864}.Release|Mixed Platforms.Build.0 = Release|Any CPU
		{7D563FB1-BC9D-40D6-9ACA-A473176FF864}.Release|x86.ActiveCfg = Release|Any CPU
		{7D563FB1-BC9D-40D6-9ACA-A473176FF864}.SingleImage|Any CPU.ActiveCfg = Release|Any CPU
		{7D563FB1-BC9D-40D6-9ACA-A473176FF864}.SingleImage|Any CPU.Build.0 = Release|Any CPU
		{7D563FB1-BC9D-40D6-9ACA-A473176FF864}.SingleImage|Mixed Platforms.ActiveCfg = Release|Any CPU
		{7D563FB1-BC9D-40D6-9ACA-A473176FF864}.SingleImage|Mixed Platforms.Build.0 = Release|Any CPU
		{7D563FB1-BC9D-40D6-9ACA-A473176FF864}.SingleImage|x86.ActiveCfg = Release|Any CPU
		{D84A1CEE-86A8-46B8-8FD5-7A02E2571D61}.CD_ROM|Any CPU.ActiveCfg = Release|Any CPU
		{D84A1CEE-86A8-46B8-8FD5-7A02E2571D61}.CD_ROM|Any CPU.Build.0 = Release|Any CPU
		{D84A1CEE-86A8-46B8-8FD5-7A02E2571D61}.CD_ROM|Mixed Platforms.ActiveCfg = Release|Any CPU
		{D84A1CEE-86A8-46B8-8FD5-7A02E2571D61}.CD_ROM|Mixed Platforms.Build.0 = Release|Any CPU
		{D84A1CEE-86A8-46B8-8FD5-7A02E2571D61}.CD_ROM|x86.ActiveCfg = Release|Any CPU
		{D84A1CEE-86A8-46B8-8FD5-7A02E2571D61}.Debug|Any CPU.ActiveCfg = Debug|Any CPU
		{D84A1CEE-86A8-46B8-8FD5-7A02E2571D61}.Debug|Any CPU.Build.0 = Debug|Any CPU
		{D84A1CEE-86A8-46B8-8FD5-7A02E2571D61}.Debug|Mixed Platforms.ActiveCfg = Debug|Any CPU
		{D84A1CEE-86A8-46B8-8FD5-7A02E2571D61}.Debug|Mixed Platforms.Build.0 = Debug|Any CPU
		{D84A1CEE-86A8-46B8-8FD5-7A02E2571D61}.Debug|x86.ActiveCfg = Debug|Any CPU
		{D84A1CEE-86A8-46B8-8FD5-7A02E2571D61}.DVD-5|Any CPU.ActiveCfg = Debug|Any CPU
		{D84A1CEE-86A8-46B8-8FD5-7A02E2571D61}.DVD-5|Any CPU.Build.0 = Debug|Any CPU
		{D84A1CEE-86A8-46B8-8FD5-7A02E2571D61}.DVD-5|Mixed Platforms.ActiveCfg = Debug|Any CPU
		{D84A1CEE-86A8-46B8-8FD5-7A02E2571D61}.DVD-5|Mixed Platforms.Build.0 = Debug|Any CPU
		{D84A1CEE-86A8-46B8-8FD5-7A02E2571D61}.DVD-5|x86.ActiveCfg = Debug|Any CPU
		{D84A1CEE-86A8-46B8-8FD5-7A02E2571D61}.Release|Any CPU.ActiveCfg = Release|Any CPU
		{D84A1CEE-86A8-46B8-8FD5-7A02E2571D61}.Release|Any CPU.Build.0 = Release|Any CPU
		{D84A1CEE-86A8-46B8-8FD5-7A02E2571D61}.Release|Mixed Platforms.ActiveCfg = Release|Any CPU
		{D84A1CEE-86A8-46B8-8FD5-7A02E2571D61}.Release|Mixed Platforms.Build.0 = Release|Any CPU
		{D84A1CEE-86A8-46B8-8FD5-7A02E2571D61}.Release|x86.ActiveCfg = Release|Any CPU
		{D84A1CEE-86A8-46B8-8FD5-7A02E2571D61}.SingleImage|Any CPU.ActiveCfg = Release|Any CPU
		{D84A1CEE-86A8-46B8-8FD5-7A02E2571D61}.SingleImage|Any CPU.Build.0 = Release|Any CPU
		{D84A1CEE-86A8-46B8-8FD5-7A02E2571D61}.SingleImage|Mixed Platforms.ActiveCfg = Release|Any CPU
		{D84A1CEE-86A8-46B8-8FD5-7A02E2571D61}.SingleImage|Mixed Platforms.Build.0 = Release|Any CPU
		{D84A1CEE-86A8-46B8-8FD5-7A02E2571D61}.SingleImage|x86.ActiveCfg = Release|Any CPU
	EndGlobalSection
	GlobalSection(SolutionProperties) = preSolution
		HideSolutionNode = FALSE
	EndGlobalSection
EndGlobal
